Microsoft Visual Studio Solution File, Format Version 12.00
# Visual Studio 15
VisualStudioVersion = 15.0.27428.2043
MinimumVisualStudioVersion = 10.0.40219.1
Project("{2150E333-8FDC-42A3-9474-1A3956D46DE8}") = "Plugin", "Plugin", "{44CAF22A-1FFD-4F9E-A9BA-DFAC8C55D8C6}"
EndProject
Project("{2150E333-8FDC-42A3-9474-1A3956D46DE8}") = "Camera", "Camera", "{488D7F08-8E12-42C8-9D37-F40F9F6B7381}"
EndProject
Project("{2150E333-8FDC-42A3-9474-1A3956D46DE8}") = "Logger", "Logger", "{6CC28CE8-5B17-4E34-B703-0DE2BA13546C}"
EndProject
Project("{9A19103F-16F7-4668-BE54-9A1E7A4F7556}") = "Kobama.Xam.Plugin.CameraPreview", "Plugin\CameraPreview\Kobama.Xam.Plugin.CameraPreview\Kobama.Xam.Plugin.CameraPreview.csproj", "{3ED0829C-FC0C-4961-ADE1-0BD0AC7B90B7}"
EndProject
Project("{FAE04EC0-301F-11D3-BF4B-00C04F79EFBC}") = "Kobama.Xam.Plugin.CameraPreview.Droid", "Plugin\CameraPreview\Kobama.Xam.Plugin.CameraPreview.Droid\Kobama.Xam.Plugin.CameraPreview.Droid.csproj", "{B5BC3953-B357-4D97-97F8-FA46B1016B96}"
EndProject
Project("{9A19103F-16F7-4668-BE54-9A1E7A4F7556}") = "Kobama.Xam.Plugin.Log", "Plugin\Logger\Kobama.Xam.Plugin.Log\Kobama.Xam.Plugin.Log.csproj", "{F0C94312-EDE3-4C58-8EC2-45CA35C27EB9}"
EndProject
Project("{9A19103F-16F7-4668-BE54-9A1E7A4F7556}") = "Kobama.Xam.Plugin.Camera", "Plugin\CameraPreview\Kobama.Xam.Plugin.Camera\Kobama.Xam.Plugin.Camera.csproj", "{6CCB1AB9-714D-4524-A865-2DD30952F3BA}"
EndProject
Project("{FAE04EC0-301F-11D3-BF4B-00C04F79EFBC}") = "Kobama.Xam.Plugin.Camera.Droid", "Plugin\CameraPreview\Kobama.Xam.Plugin.Camera.Droid\Kobama.Xam.Plugin.Camera.Droid.csproj", "{3B180222-C281-4A95-B80B-3C5D9B0CC33B}"
EndProject
Project("{2150E333-8FDC-42A3-9474-1A3956D46DE8}") = "QRCode", "QRCode", "{E35D9BE4-2376-4371-BB61-CBBC43123D6C}"
EndProject
Project("{9A19103F-16F7-4668-BE54-9A1E7A4F7556}") = "Kobama.Xam.Plugin.QRCode", "Plugin\QRCode\Kobama.Xam.Plugin.QRCode\Kobama.Xam.Plugin.QRCode.csproj", "{03AE9E0E-BDCF-4A8A-9E7F-F371AD7F6918}"
EndProject
Project("{FAE04EC0-301F-11D3-BF4B-00C04F79EFBC}") = "Kobama.Xam.Plugin.QRCode.Droid", "Plugin\QRCode\Kobama.Xam.Plugin.QRCode.Droid\Kobama.Xam.Plugin.QRCode.Droid.csproj", "{488FF47B-59E1-4A63-B6BE-5E05CC2A635E}"
EndProject
Project("{FAE04EC0-301F-11D3-BF4B-00C04F79EFBC}") = "Kobama.Xam.Plugin.Camera.iOS", "Plugin\CameraPreview\Kobama.Xam.Plugin.Camera.iOS\Kobama.Xam.Plugin.Camera.iOS.csproj", "{8E6C51CE-3D97-4CD6-B6F3-280F9CE503AE}"
EndProject
Project("{FAE04EC0-301F-11D3-BF4B-00C04F79EFBC}") = "Kobama.Xam.Plugin.CameraPreview.iOS", "Plugin\CameraPreview\Kobama.Xam.Plugin.CameraPreview.iOS\Kobama.Xam.Plugin.CameraPreview.iOS.csproj", "{53F815CD-0824-42D7-9584-E9FE53046CE0}"
EndProject
Project("{FAE04EC0-301F-11D3-BF4B-00C04F79EFBC}") = "Kobama.Xam.Plugin.QRCode.iOS", "Plugin\QRCode\Kobama.Xam.Plugin.QRCode.iOS\Kobama.Xam.Plugin.QRCode.iOS.csproj", "{B50756DE-042D-44DF-A6B0-AAD44ACA2827}"
EndProject
Project("{9A19103F-16F7-4668-BE54-9A1E7A4F7556}") = "Kobama.Xam.PrismApp", "Kobama.Xam.PrismApp\Kobama.Xam.PrismApp\Kobama.Xam.PrismApp.csproj", "{22E674AA-3720-4842-87C1-65B4D9469A0A}"
EndProject
Project("{FAE04EC0-301F-11D3-BF4B-00C04F79EFBC}") = "Kobama.Xam.PrismApp.Droid", "Kobama.Xam.PrismApp\Kobama.Xam.PrismApp.Droid\Kobama.Xam.PrismApp.Droid.csproj", "{E0EBDA28-934E-404E-9610-B3A6A776D0B8}"
EndProject
Project("{FAE04EC0-301F-11D3-BF4B-00C04F79EFBC}") = "Kobama.Xam.PrismApp.iOS", "Kobama.Xam.PrismApp\Kobama.Xam.PrismApp.iOS\Kobama.Xam.PrismApp.iOS.csproj", "{8C9D1EF5-86E5-4F61-98DC-D305541B092B}"
EndProject
Global
	GlobalSection(SolutionConfigurationPlatforms) = preSolution
		Ad-Hoc|Any CPU = Ad-Hoc|Any CPU
		Ad-Hoc|iPhone = Ad-Hoc|iPhone
		Ad-Hoc|iPhoneSimulator = Ad-Hoc|iPhoneSimulator
		AppStore|Any CPU = AppStore|Any CPU
		AppStore|iPhone = AppStore|iPhone
		AppStore|iPhoneSimulator = AppStore|iPhoneSimulator
		Debug|Any CPU = Debug|Any CPU
		Debug|iPhone = Debug|iPhone
		Debug|iPhoneSimulator = Debug|iPhoneSimulator
		Release|Any CPU = Release|Any CPU
		Release|iPhone = Release|iPhone
		Release|iPhoneSimulator = Release|iPhoneSimulator
	EndGlobalSection
	GlobalSection(ProjectConfigurationPlatforms) = postSolution
		{3ED0829C-FC0C-4961-ADE1-0BD0AC7B90B7}.Ad-Hoc|Any CPU.ActiveCfg = Debug|Any CPU
		{3ED0829C-FC0C-4961-ADE1-0BD0AC7B90B7}.Ad-Hoc|Any CPU.Build.0 = Debug|Any CPU
		{3ED0829C-FC0C-4961-ADE1-0BD0AC7B90B7}.Ad-Hoc|iPhone.ActiveCfg = Release|Any CPU
		{3ED0829C-FC0C-4961-ADE1-0BD0AC7B90B7}.Ad-Hoc|iPhone.Build.0 = Release|Any CPU
		{3ED0829C-FC0C-4961-ADE1-0BD0AC7B90B7}.Ad-Hoc|iPhoneSimulator.ActiveCfg = Debug|Any CPU
		{3ED0829C-FC0C-4961-ADE1-0BD0AC7B90B7}.Ad-Hoc|iPhoneSimulator.Build.0 = Debug|Any CPU
		{3ED0829C-FC0C-4961-ADE1-0BD0AC7B90B7}.AppStore|Any CPU.ActiveCfg = Debug|Any CPU
		{3ED0829C-FC0C-4961-ADE1-0BD0AC7B90B7}.AppStore|Any CPU.Build.0 = Debug|Any CPU
		{3ED0829C-FC0C-4961-ADE1-0BD0AC7B90B7}.AppStore|iPhone.ActiveCfg = Release|Any CPU
		{3ED0829C-FC0C-4961-ADE1-0BD0AC7B90B7}.AppStore|iPhone.Build.0 = Release|Any CPU
		{3ED0829C-FC0C-4961-ADE1-0BD0AC7B90B7}.AppStore|iPhoneSimulator.ActiveCfg = Debug|Any CPU
		{3ED0829C-FC0C-4961-ADE1-0BD0AC7B90B7}.AppStore|iPhoneSimulator.Build.0 = Debug|Any CPU
		{3ED0829C-FC0C-4961-ADE1-0BD0AC7B90B7}.Debug|Any CPU.ActiveCfg = Debug|Any CPU
		{3ED0829C-FC0C-4961-ADE1-0BD0AC7B90B7}.Debug|Any CPU.Build.0 = Debug|Any CPU
		{3ED0829C-FC0C-4961-ADE1-0BD0AC7B90B7}.Debug|iPhone.ActiveCfg = Debug|Any CPU
		{3ED0829C-FC0C-4961-ADE1-0BD0AC7B90B7}.Debug|iPhone.Build.0 = Debug|Any CPU
		{3ED0829C-FC0C-4961-ADE1-0BD0AC7B90B7}.Debug|iPhoneSimulator.ActiveCfg = Debug|Any CPU
		{3ED0829C-FC0C-4961-ADE1-0BD0AC7B90B7}.Debug|iPhoneSimulator.Build.0 = Debug|Any CPU
		{3ED0829C-FC0C-4961-ADE1-0BD0AC7B90B7}.Release|Any CPU.ActiveCfg = Release|Any CPU
		{3ED0829C-FC0C-4961-ADE1-0BD0AC7B90B7}.Release|Any CPU.Build.0 = Release|Any CPU
		{3ED0829C-FC0C-4961-ADE1-0BD0AC7B90B7}.Release|iPhone.ActiveCfg = Release|Any CPU
		{3ED0829C-FC0C-4961-ADE1-0BD0AC7B90B7}.Release|iPhone.Build.0 = Release|Any CPU
		{3ED0829C-FC0C-4961-ADE1-0BD0AC7B90B7}.Release|iPhoneSimulator.ActiveCfg = Release|Any CPU
		{3ED0829C-FC0C-4961-ADE1-0BD0AC7B90B7}.Release|iPhoneSimulator.Build.0 = Release|Any CPU
		{B5BC3953-B357-4D97-97F8-FA46B1016B96}.Ad-Hoc|Any CPU.ActiveCfg = Debug|Any CPU
		{B5BC3953-B357-4D97-97F8-FA46B1016B96}.Ad-Hoc|Any CPU.Build.0 = Debug|Any CPU
		{B5BC3953-B357-4D97-97F8-FA46B1016B96}.Ad-Hoc|iPhone.ActiveCfg = Release|Any CPU
		{B5BC3953-B357-4D97-97F8-FA46B1016B96}.Ad-Hoc|iPhone.Build.0 = Release|Any CPU
		{B5BC3953-B357-4D97-97F8-FA46B1016B96}.Ad-Hoc|iPhoneSimulator.ActiveCfg = Debug|Any CPU
		{B5BC3953-B357-4D97-97F8-FA46B1016B96}.Ad-Hoc|iPhoneSimulator.Build.0 = Debug|Any CPU
		{B5BC3953-B357-4D97-97F8-FA46B1016B96}.AppStore|Any CPU.ActiveCfg = Debug|Any CPU
		{B5BC3953-B357-4D97-97F8-FA46B1016B96}.AppStore|Any CPU.Build.0 = Debug|Any CPU
		{B5BC3953-B357-4D97-97F8-FA46B1016B96}.AppStore|iPhone.ActiveCfg = Release|Any CPU
		{B5BC3953-B357-4D97-97F8-FA46B1016B96}.AppStore|iPhone.Build.0 = Release|Any CPU
		{B5BC3953-B357-4D97-97F8-FA46B1016B96}.AppStore|iPhoneSimulator.ActiveCfg = Debug|Any CPU
		{B5BC3953-B357-4D97-97F8-FA46B1016B96}.AppStore|iPhoneSimulator.Build.0 = Debug|Any CPU
		{B5BC3953-B357-4D97-97F8-FA46B1016B96}.Debug|Any CPU.ActiveCfg = Debug|Any CPU
		{B5BC3953-B357-4D97-97F8-FA46B1016B96}.Debug|Any CPU.Build.0 = Debug|Any CPU
		{B5BC3953-B357-4D97-97F8-FA46B1016B96}.Debug|iPhone.ActiveCfg = Debug|Any CPU
		{B5BC3953-B357-4D97-97F8-FA46B1016B96}.Debug|iPhone.Build.0 = Debug|Any CPU
		{B5BC3953-B357-4D97-97F8-FA46B1016B96}.Debug|iPhoneSimulator.ActiveCfg = Debug|Any CPU
		{B5BC3953-B357-4D97-97F8-FA46B1016B96}.Debug|iPhoneSimulator.Build.0 = Debug|Any CPU
		{B5BC3953-B357-4D97-97F8-FA46B1016B96}.Release|Any CPU.ActiveCfg = Release|Any CPU
		{B5BC3953-B357-4D97-97F8-FA46B1016B96}.Release|Any CPU.Build.0 = Release|Any CPU
		{B5BC3953-B357-4D97-97F8-FA46B1016B96}.Release|iPhone.ActiveCfg = Release|Any CPU
		{B5BC3953-B357-4D97-97F8-FA46B1016B96}.Release|iPhone.Build.0 = Release|Any CPU
		{B5BC3953-B357-4D97-97F8-FA46B1016B96}.Release|iPhoneSimulator.ActiveCfg = Release|Any CPU
		{B5BC3953-B357-4D97-97F8-FA46B1016B96}.Release|iPhoneSimulator.Build.0 = Release|Any CPU
		{F0C94312-EDE3-4C58-8EC2-45CA35C27EB9}.Ad-Hoc|Any CPU.ActiveCfg = Debug|Any CPU
		{F0C94312-EDE3-4C58-8EC2-45CA35C27EB9}.Ad-Hoc|Any CPU.Build.0 = Debug|Any CPU
		{F0C94312-EDE3-4C58-8EC2-45CA35C27EB9}.Ad-Hoc|iPhone.ActiveCfg = Release|Any CPU
		{F0C94312-EDE3-4C58-8EC2-45CA35C27EB9}.Ad-Hoc|iPhone.Build.0 = Release|Any CPU
		{F0C94312-EDE3-4C58-8EC2-45CA35C27EB9}.Ad-Hoc|iPhoneSimulator.ActiveCfg = Debug|Any CPU
		{F0C94312-EDE3-4C58-8EC2-45CA35C27EB9}.Ad-Hoc|iPhoneSimulator.Build.0 = Debug|Any CPU
		{F0C94312-EDE3-4C58-8EC2-45CA35C27EB9}.AppStore|Any CPU.ActiveCfg = Debug|Any CPU
		{F0C94312-EDE3-4C58-8EC2-45CA35C27EB9}.AppStore|Any CPU.Build.0 = Debug|Any CPU
		{F0C94312-EDE3-4C58-8EC2-45CA35C27EB9}.AppStore|iPhone.ActiveCfg = Release|Any CPU
		{F0C94312-EDE3-4C58-8EC2-45CA35C27EB9}.AppStore|iPhone.Build.0 = Release|Any CPU
		{F0C94312-EDE3-4C58-8EC2-45CA35C27EB9}.AppStore|iPhoneSimulator.ActiveCfg = Debug|Any CPU
		{F0C94312-EDE3-4C58-8EC2-45CA35C27EB9}.AppStore|iPhoneSimulator.Build.0 = Debug|Any CPU
		{F0C94312-EDE3-4C58-8EC2-45CA35C27EB9}.Debug|Any CPU.ActiveCfg = Debug|Any CPU
		{F0C94312-EDE3-4C58-8EC2-45CA35C27EB9}.Debug|Any CPU.Build.0 = Debug|Any CPU
		{F0C94312-EDE3-4C58-8EC2-45CA35C27EB9}.Debug|iPhone.ActiveCfg = Debug|Any CPU
		{F0C94312-EDE3-4C58-8EC2-45CA35C27EB9}.Debug|iPhone.Build.0 = Debug|Any CPU
		{F0C94312-EDE3-4C58-8EC2-45CA35C27EB9}.Debug|iPhoneSimulator.ActiveCfg = Debug|Any CPU
		{F0C94312-EDE3-4C58-8EC2-45CA35C27EB9}.Debug|iPhoneSimulator.Build.0 = Debug|Any CPU
		{F0C94312-EDE3-4C58-8EC2-45CA35C27EB9}.Release|Any CPU.ActiveCfg = Release|Any CPU
		{F0C94312-EDE3-4C58-8EC2-45CA35C27EB9}.Release|Any CPU.Build.0 = Release|Any CPU
		{F0C94312-EDE3-4C58-8EC2-45CA35C27EB9}.Release|iPhone.ActiveCfg = Release|Any CPU
		{F0C94312-EDE3-4C58-8EC2-45CA35C27EB9}.Release|iPhone.Build.0 = Release|Any CPU
		{F0C94312-EDE3-4C58-8EC2-45CA35C27EB9}.Release|iPhoneSimulator.ActiveCfg = Release|Any CPU
		{F0C94312-EDE3-4C58-8EC2-45CA35C27EB9}.Release|iPhoneSimulator.Build.0 = Release|Any CPU
		{6CCB1AB9-714D-4524-A865-2DD30952F3BA}.Ad-Hoc|Any CPU.ActiveCfg = Debug|Any CPU
		{6CCB1AB9-714D-4524-A865-2DD30952F3BA}.Ad-Hoc|Any CPU.Build.0 = Debug|Any CPU
		{6CCB1AB9-714D-4524-A865-2DD30952F3BA}.Ad-Hoc|iPhone.ActiveCfg = Release|Any CPU
		{6CCB1AB9-714D-4524-A865-2DD30952F3BA}.Ad-Hoc|iPhone.Build.0 = Release|Any CPU
		{6CCB1AB9-714D-4524-A865-2DD30952F3BA}.Ad-Hoc|iPhoneSimulator.ActiveCfg = Debug|Any CPU
		{6CCB1AB9-714D-4524-A865-2DD30952F3BA}.Ad-Hoc|iPhoneSimulator.Build.0 = Debug|Any CPU
		{6CCB1AB9-714D-4524-A865-2DD30952F3BA}.AppStore|Any CPU.ActiveCfg = Debug|Any CPU
		{6CCB1AB9-714D-4524-A865-2DD30952F3BA}.AppStore|Any CPU.Build.0 = Debug|Any CPU
		{6CCB1AB9-714D-4524-A865-2DD30952F3BA}.AppStore|iPhone.ActiveCfg = Release|Any CPU
		{6CCB1AB9-714D-4524-A865-2DD30952F3BA}.AppStore|iPhone.Build.0 = Release|Any CPU
		{6CCB1AB9-714D-4524-A865-2DD30952F3BA}.AppStore|iPhoneSimulator.ActiveCfg = Debug|Any CPU
		{6CCB1AB9-714D-4524-A865-2DD30952F3BA}.AppStore|iPhoneSimulator.Build.0 = Debug|Any CPU
		{6CCB1AB9-714D-4524-A865-2DD30952F3BA}.Debug|Any CPU.ActiveCfg = Debug|Any CPU
		{6CCB1AB9-714D-4524-A865-2DD30952F3BA}.Debug|Any CPU.Build.0 = Debug|Any CPU
		{6CCB1AB9-714D-4524-A865-2DD30952F3BA}.Debug|iPhone.ActiveCfg = Debug|Any CPU
		{6CCB1AB9-714D-4524-A865-2DD30952F3BA}.Debug|iPhone.Build.0 = Debug|Any CPU
		{6CCB1AB9-714D-4524-A865-2DD30952F3BA}.Debug|iPhoneSimulator.ActiveCfg = Debug|Any CPU
		{6CCB1AB9-714D-4524-A865-2DD30952F3BA}.Debug|iPhoneSimulator.Build.0 = Debug|Any CPU
		{6CCB1AB9-714D-4524-A865-2DD30952F3BA}.Release|Any CPU.ActiveCfg = Release|Any CPU
		{6CCB1AB9-714D-4524-A865-2DD30952F3BA}.Release|Any CPU.Build.0 = Release|Any CPU
		{6CCB1AB9-714D-4524-A865-2DD30952F3BA}.Release|iPhone.ActiveCfg = Release|Any CPU
		{6CCB1AB9-714D-4524-A865-2DD30952F3BA}.Release|iPhone.Build.0 = Release|Any CPU
		{6CCB1AB9-714D-4524-A865-2DD30952F3BA}.Release|iPhoneSimulator.ActiveCfg = Release|Any CPU
		{6CCB1AB9-714D-4524-A865-2DD30952F3BA}.Release|iPhoneSimulator.Build.0 = Release|Any CPU
		{3B180222-C281-4A95-B80B-3C5D9B0CC33B}.Ad-Hoc|Any CPU.ActiveCfg = Debug|Any CPU
		{3B180222-C281-4A95-B80B-3C5D9B0CC33B}.Ad-Hoc|Any CPU.Build.0 = Debug|Any CPU
		{3B180222-C281-4A95-B80B-3C5D9B0CC33B}.Ad-Hoc|iPhone.ActiveCfg = Release|Any CPU
		{3B180222-C281-4A95-B80B-3C5D9B0CC33B}.Ad-Hoc|iPhone.Build.0 = Release|Any CPU
		{3B180222-C281-4A95-B80B-3C5D9B0CC33B}.Ad-Hoc|iPhoneSimulator.ActiveCfg = Debug|Any CPU
		{3B180222-C281-4A95-B80B-3C5D9B0CC33B}.Ad-Hoc|iPhoneSimulator.Build.0 = Debug|Any CPU
		{3B180222-C281-4A95-B80B-3C5D9B0CC33B}.AppStore|Any CPU.ActiveCfg = Debug|Any CPU
		{3B180222-C281-4A95-B80B-3C5D9B0CC33B}.AppStore|Any CPU.Build.0 = Debug|Any CPU
		{3B180222-C281-4A95-B80B-3C5D9B0CC33B}.AppStore|iPhone.ActiveCfg = Release|Any CPU
		{3B180222-C281-4A95-B80B-3C5D9B0CC33B}.AppStore|iPhone.Build.0 = Release|Any CPU
		{3B180222-C281-4A95-B80B-3C5D9B0CC33B}.AppStore|iPhoneSimulator.ActiveCfg = Debug|Any CPU
		{3B180222-C281-4A95-B80B-3C5D9B0CC33B}.AppStore|iPhoneSimulator.Build.0 = Debug|Any CPU
		{3B180222-C281-4A95-B80B-3C5D9B0CC33B}.Debug|Any CPU.ActiveCfg = Debug|Any CPU
		{3B180222-C281-4A95-B80B-3C5D9B0CC33B}.Debug|Any CPU.Build.0 = Debug|Any CPU
		{3B180222-C281-4A95-B80B-3C5D9B0CC33B}.Debug|iPhone.ActiveCfg = Debug|Any CPU
		{3B180222-C281-4A95-B80B-3C5D9B0CC33B}.Debug|iPhone.Build.0 = Debug|Any CPU
		{3B180222-C281-4A95-B80B-3C5D9B0CC33B}.Debug|iPhoneSimulator.ActiveCfg = Debug|Any CPU
		{3B180222-C281-4A95-B80B-3C5D9B0CC33B}.Debug|iPhoneSimulator.Build.0 = Debug|Any CPU
		{3B180222-C281-4A95-B80B-3C5D9B0CC33B}.Release|Any CPU.ActiveCfg = Release|Any CPU
		{3B180222-C281-4A95-B80B-3C5D9B0CC33B}.Release|Any CPU.Build.0 = Release|Any CPU
		{3B180222-C281-4A95-B80B-3C5D9B0CC33B}.Release|iPhone.ActiveCfg = Release|Any CPU
		{3B180222-C281-4A95-B80B-3C5D9B0CC33B}.Release|iPhone.Build.0 = Release|Any CPU
		{3B180222-C281-4A95-B80B-3C5D9B0CC33B}.Release|iPhoneSimulator.ActiveCfg = Release|Any CPU
		{3B180222-C281-4A95-B80B-3C5D9B0CC33B}.Release|iPhoneSimulator.Build.0 = Release|Any CPU
		{03AE9E0E-BDCF-4A8A-9E7F-F371AD7F6918}.Ad-Hoc|Any CPU.ActiveCfg = Debug|Any CPU
		{03AE9E0E-BDCF-4A8A-9E7F-F371AD7F6918}.Ad-Hoc|Any CPU.Build.0 = Debug|Any CPU
		{03AE9E0E-BDCF-4A8A-9E7F-F371AD7F6918}.Ad-Hoc|iPhone.ActiveCfg = Release|Any CPU
		{03AE9E0E-BDCF-4A8A-9E7F-F371AD7F6918}.Ad-Hoc|iPhone.Build.0 = Release|Any CPU
		{03AE9E0E-BDCF-4A8A-9E7F-F371AD7F6918}.Ad-Hoc|iPhoneSimulator.ActiveCfg = Debug|Any CPU
		{03AE9E0E-BDCF-4A8A-9E7F-F371AD7F6918}.Ad-Hoc|iPhoneSimulator.Build.0 = Debug|Any CPU
		{03AE9E0E-BDCF-4A8A-9E7F-F371AD7F6918}.AppStore|Any CPU.ActiveCfg = Debug|Any CPU
		{03AE9E0E-BDCF-4A8A-9E7F-F371AD7F6918}.AppStore|Any CPU.Build.0 = Debug|Any CPU
		{03AE9E0E-BDCF-4A8A-9E7F-F371AD7F6918}.AppStore|iPhone.ActiveCfg = Release|Any CPU
		{03AE9E0E-BDCF-4A8A-9E7F-F371AD7F6918}.AppStore|iPhone.Build.0 = Release|Any CPU
		{03AE9E0E-BDCF-4A8A-9E7F-F371AD7F6918}.AppStore|iPhoneSimulator.ActiveCfg = Debug|Any CPU
		{03AE9E0E-BDCF-4A8A-9E7F-F371AD7F6918}.AppStore|iPhoneSimulator.Build.0 = Debug|Any CPU
		{03AE9E0E-BDCF-4A8A-9E7F-F371AD7F6918}.Debug|Any CPU.ActiveCfg = Debug|Any CPU
		{03AE9E0E-BDCF-4A8A-9E7F-F371AD7F6918}.Debug|Any CPU.Build.0 = Debug|Any CPU
		{03AE9E0E-BDCF-4A8A-9E7F-F371AD7F6918}.Debug|iPhone.ActiveCfg = Debug|Any CPU
		{03AE9E0E-BDCF-4A8A-9E7F-F371AD7F6918}.Debug|iPhone.Build.0 = Debug|Any CPU
		{03AE9E0E-BDCF-4A8A-9E7F-F371AD7F6918}.Debug|iPhoneSimulator.ActiveCfg = Debug|Any CPU
		{03AE9E0E-BDCF-4A8A-9E7F-F371AD7F6918}.Debug|iPhoneSimulator.Build.0 = Debug|Any CPU
		{03AE9E0E-BDCF-4A8A-9E7F-F371AD7F6918}.Release|Any CPU.ActiveCfg = Release|Any CPU
		{03AE9E0E-BDCF-4A8A-9E7F-F371AD7F6918}.Release|Any CPU.Build.0 = Release|Any CPU
		{03AE9E0E-BDCF-4A8A-9E7F-F371AD7F6918}.Release|iPhone.ActiveCfg = Release|Any CPU
		{03AE9E0E-BDCF-4A8A-9E7F-F371AD7F6918}.Release|iPhone.Build.0 = Release|Any CPU
		{03AE9E0E-BDCF-4A8A-9E7F-F371AD7F6918}.Release|iPhoneSimulator.ActiveCfg = Release|Any CPU
		{03AE9E0E-BDCF-4A8A-9E7F-F371AD7F6918}.Release|iPhoneSimulator.Build.0 = Release|Any CPU
		{488FF47B-59E1-4A63-B6BE-5E05CC2A635E}.Ad-Hoc|Any CPU.ActiveCfg = Debug|Any CPU
		{488FF47B-59E1-4A63-B6BE-5E05CC2A635E}.Ad-Hoc|Any CPU.Build.0 = Debug|Any CPU
		{488FF47B-59E1-4A63-B6BE-5E05CC2A635E}.Ad-Hoc|iPhone.ActiveCfg = Release|Any CPU
		{488FF47B-59E1-4A63-B6BE-5E05CC2A635E}.Ad-Hoc|iPhone.Build.0 = Release|Any CPU
		{488FF47B-59E1-4A63-B6BE-5E05CC2A635E}.Ad-Hoc|iPhoneSimulator.ActiveCfg = Debug|Any CPU
		{488FF47B-59E1-4A63-B6BE-5E05CC2A635E}.Ad-Hoc|iPhoneSimulator.Build.0 = Debug|Any CPU
		{488FF47B-59E1-4A63-B6BE-5E05CC2A635E}.AppStore|Any CPU.ActiveCfg = Debug|Any CPU
		{488FF47B-59E1-4A63-B6BE-5E05CC2A635E}.AppStore|Any CPU.Build.0 = Debug|Any CPU
		{488FF47B-59E1-4A63-B6BE-5E05CC2A635E}.AppStore|iPhone.ActiveCfg = Release|Any CPU
		{488FF47B-59E1-4A63-B6BE-5E05CC2A635E}.AppStore|iPhone.Build.0 = Release|Any CPU
		{488FF47B-59E1-4A63-B6BE-5E05CC2A635E}.AppStore|iPhoneSimulator.ActiveCfg = Debug|Any CPU
		{488FF47B-59E1-4A63-B6BE-5E05CC2A635E}.AppStore|iPhoneSimulator.Build.0 = Debug|Any CPU
		{488FF47B-59E1-4A63-B6BE-5E05CC2A635E}.Debug|Any CPU.ActiveCfg = Debug|Any CPU
		{488FF47B-59E1-4A63-B6BE-5E05CC2A635E}.Debug|Any CPU.Build.0 = Debug|Any CPU
		{488FF47B-59E1-4A63-B6BE-5E05CC2A635E}.Debug|iPhone.ActiveCfg = Debug|Any CPU
		{488FF47B-59E1-4A63-B6BE-5E05CC2A635E}.Debug|iPhone.Build.0 = Debug|Any CPU
		{488FF47B-59E1-4A63-B6BE-5E05CC2A635E}.Debug|iPhoneSimulator.ActiveCfg = Debug|Any CPU
		{488FF47B-59E1-4A63-B6BE-5E05CC2A635E}.Debug|iPhoneSimulator.Build.0 = Debug|Any CPU
		{488FF47B-59E1-4A63-B6BE-5E05CC2A635E}.Release|Any CPU.ActiveCfg = Release|Any CPU
		{488FF47B-59E1-4A63-B6BE-5E05CC2A635E}.Release|Any CPU.Build.0 = Release|Any CPU
		{488FF47B-59E1-4A63-B6BE-5E05CC2A635E}.Release|iPhone.ActiveCfg = Release|Any CPU
		{488FF47B-59E1-4A63-B6BE-5E05CC2A635E}.Release|iPhone.Build.0 = Release|Any CPU
		{488FF47B-59E1-4A63-B6BE-5E05CC2A635E}.Release|iPhoneSimulator.ActiveCfg = Release|Any CPU
		{488FF47B-59E1-4A63-B6BE-5E05CC2A635E}.Release|iPhoneSimulator.Build.0 = Release|Any CPU
		{8E6C51CE-3D97-4CD6-B6F3-280F9CE503AE}.Ad-Hoc|Any CPU.ActiveCfg = Debug|Any CPU
		{8E6C51CE-3D97-4CD6-B6F3-280F9CE503AE}.Ad-Hoc|Any CPU.Build.0 = Debug|Any CPU
		{8E6C51CE-3D97-4CD6-B6F3-280F9CE503AE}.Ad-Hoc|iPhone.ActiveCfg = Release|Any CPU
		{8E6C51CE-3D97-4CD6-B6F3-280F9CE503AE}.Ad-Hoc|iPhone.Build.0 = Release|Any CPU
		{8E6C51CE-3D97-4CD6-B6F3-280F9CE503AE}.Ad-Hoc|iPhoneSimulator.ActiveCfg = Debug|Any CPU
		{8E6C51CE-3D97-4CD6-B6F3-280F9CE503AE}.Ad-Hoc|iPhoneSimulator.Build.0 = Debug|Any CPU
		{8E6C51CE-3D97-4CD6-B6F3-280F9CE503AE}.AppStore|Any CPU.ActiveCfg = Debug|Any CPU
		{8E6C51CE-3D97-4CD6-B6F3-280F9CE503AE}.AppStore|Any CPU.Build.0 = Debug|Any CPU
		{8E6C51CE-3D97-4CD6-B6F3-280F9CE503AE}.AppStore|iPhone.ActiveCfg = Release|Any CPU
		{8E6C51CE-3D97-4CD6-B6F3-280F9CE503AE}.AppStore|iPhone.Build.0 = Release|Any CPU
		{8E6C51CE-3D97-4CD6-B6F3-280F9CE503AE}.AppStore|iPhoneSimulator.ActiveCfg = Debug|Any CPU
		{8E6C51CE-3D97-4CD6-B6F3-280F9CE503AE}.AppStore|iPhoneSimulator.Build.0 = Debug|Any CPU
		{8E6C51CE-3D97-4CD6-B6F3-280F9CE503AE}.Debug|Any CPU.ActiveCfg = Debug|Any CPU
		{8E6C51CE-3D97-4CD6-B6F3-280F9CE503AE}.Debug|Any CPU.Build.0 = Debug|Any CPU
		{8E6C51CE-3D97-4CD6-B6F3-280F9CE503AE}.Debug|iPhone.ActiveCfg = Debug|Any CPU
		{8E6C51CE-3D97-4CD6-B6F3-280F9CE503AE}.Debug|iPhone.Build.0 = Debug|Any CPU
		{8E6C51CE-3D97-4CD6-B6F3-280F9CE503AE}.Debug|iPhoneSimulator.ActiveCfg = Debug|Any CPU
		{8E6C51CE-3D97-4CD6-B6F3-280F9CE503AE}.Debug|iPhoneSimulator.Build.0 = Debug|Any CPU
		{8E6C51CE-3D97-4CD6-B6F3-280F9CE503AE}.Release|Any CPU.ActiveCfg = Release|Any CPU
		{8E6C51CE-3D97-4CD6-B6F3-280F9CE503AE}.Release|Any CPU.Build.0 = Release|Any CPU
		{8E6C51CE-3D97-4CD6-B6F3-280F9CE503AE}.Release|iPhone.ActiveCfg = Release|Any CPU
		{8E6C51CE-3D97-4CD6-B6F3-280F9CE503AE}.Release|iPhone.Build.0 = Release|Any CPU
		{8E6C51CE-3D97-4CD6-B6F3-280F9CE503AE}.Release|iPhoneSimulator.ActiveCfg = Release|Any CPU
		{8E6C51CE-3D97-4CD6-B6F3-280F9CE503AE}.Release|iPhoneSimulator.Build.0 = Release|Any CPU
		{53F815CD-0824-42D7-9584-E9FE53046CE0}.Ad-Hoc|Any CPU.ActiveCfg = Debug|Any CPU
		{53F815CD-0824-42D7-9584-E9FE53046CE0}.Ad-Hoc|Any CPU.Build.0 = Debug|Any CPU
		{53F815CD-0824-42D7-9584-E9FE53046CE0}.Ad-Hoc|iPhone.ActiveCfg = Release|Any CPU
		{53F815CD-0824-42D7-9584-E9FE53046CE0}.Ad-Hoc|iPhone.Build.0 = Release|Any CPU
		{53F815CD-0824-42D7-9584-E9FE53046CE0}.Ad-Hoc|iPhoneSimulator.ActiveCfg = Debug|Any CPU
		{53F815CD-0824-42D7-9584-E9FE53046CE0}.Ad-Hoc|iPhoneSimulator.Build.0 = Debug|Any CPU
		{53F815CD-0824-42D7-9584-E9FE53046CE0}.AppStore|Any CPU.ActiveCfg = Debug|Any CPU
		{53F815CD-0824-42D7-9584-E9FE53046CE0}.AppStore|Any CPU.Build.0 = Debug|Any CPU
		{53F815CD-0824-42D7-9584-E9FE53046CE0}.AppStore|iPhone.ActiveCfg = Release|Any CPU
		{53F815CD-0824-42D7-9584-E9FE53046CE0}.AppStore|iPhone.Build.0 = Release|Any CPU
		{53F815CD-0824-42D7-9584-E9FE53046CE0}.AppStore|iPhoneSimulator.ActiveCfg = Debug|Any CPU
		{53F815CD-0824-42D7-9584-E9FE53046CE0}.AppStore|iPhoneSimulator.Build.0 = Debug|Any CPU
		{53F815CD-0824-42D7-9584-E9FE53046CE0}.Debug|Any CPU.ActiveCfg = Debug|Any CPU
		{53F815CD-0824-42D7-9584-E9FE53046CE0}.Debug|Any CPU.Build.0 = Debug|Any CPU
		{53F815CD-0824-42D7-9584-E9FE53046CE0}.Debug|iPhone.ActiveCfg = Debug|Any CPU
		{53F815CD-0824-42D7-9584-E9FE53046CE0}.Debug|iPhone.Build.0 = Debug|Any CPU
		{53F815CD-0824-42D7-9584-E9FE53046CE0}.Debug|iPhoneSimulator.ActiveCfg = Debug|Any CPU
		{53F815CD-0824-42D7-9584-E9FE53046CE0}.Debug|iPhoneSimulator.Build.0 = Debug|Any CPU
		{53F815CD-0824-42D7-9584-E9FE53046CE0}.Release|Any CPU.ActiveCfg = Release|Any CPU
		{53F815CD-0824-42D7-9584-E9FE53046CE0}.Release|Any CPU.Build.0 = Release|Any CPU
		{53F815CD-0824-42D7-9584-E9FE53046CE0}.Release|iPhone.ActiveCfg = Release|Any CPU
		{53F815CD-0824-42D7-9584-E9FE53046CE0}.Release|iPhone.Build.0 = Release|Any CPU
		{53F815CD-0824-42D7-9584-E9FE53046CE0}.Release|iPhoneSimulator.ActiveCfg = Release|Any CPU
		{53F815CD-0824-42D7-9584-E9FE53046CE0}.Release|iPhoneSimulator.Build.0 = Release|Any CPU
		{B50756DE-042D-44DF-A6B0-AAD44ACA2827}.Ad-Hoc|Any CPU.ActiveCfg = Debug|Any CPU
		{B50756DE-042D-44DF-A6B0-AAD44ACA2827}.Ad-Hoc|Any CPU.Build.0 = Debug|Any CPU
		{B50756DE-042D-44DF-A6B0-AAD44ACA2827}.Ad-Hoc|iPhone.ActiveCfg = Release|Any CPU
		{B50756DE-042D-44DF-A6B0-AAD44ACA2827}.Ad-Hoc|iPhone.Build.0 = Release|Any CPU
		{B50756DE-042D-44DF-A6B0-AAD44ACA2827}.Ad-Hoc|iPhoneSimulator.ActiveCfg = Debug|Any CPU
		{B50756DE-042D-44DF-A6B0-AAD44ACA2827}.Ad-Hoc|iPhoneSimulator.Build.0 = Debug|Any CPU
		{B50756DE-042D-44DF-A6B0-AAD44ACA2827}.AppStore|Any CPU.ActiveCfg = Debug|Any CPU
		{B50756DE-042D-44DF-A6B0-AAD44ACA2827}.AppStore|Any CPU.Build.0 = Debug|Any CPU
		{B50756DE-042D-44DF-A6B0-AAD44ACA2827}.AppStore|iPhone.ActiveCfg = Release|Any CPU
		{B50756DE-042D-44DF-A6B0-AAD44ACA2827}.AppStore|iPhone.Build.0 = Release|Any CPU
		{B50756DE-042D-44DF-A6B0-AAD44ACA2827}.AppStore|iPhoneSimulator.ActiveCfg = Debug|Any CPU
		{B50756DE-042D-44DF-A6B0-AAD44ACA2827}.AppStore|iPhoneSimulator.Build.0 = Debug|Any CPU
		{B50756DE-042D-44DF-A6B0-AAD44ACA2827}.Debug|Any CPU.ActiveCfg = Debug|Any CPU
		{B50756DE-042D-44DF-A6B0-AAD44ACA2827}.Debug|Any CPU.Build.0 = Debug|Any CPU
		{B50756DE-042D-44DF-A6B0-AAD44ACA2827}.Debug|iPhone.ActiveCfg = Debug|Any CPU
		{B50756DE-042D-44DF-A6B0-AAD44ACA2827}.Debug|iPhone.Build.0 = Debug|Any CPU
		{B50756DE-042D-44DF-A6B0-AAD44ACA2827}.Debug|iPhoneSimulator.ActiveCfg = Debug|Any CPU
		{B50756DE-042D-44DF-A6B0-AAD44ACA2827}.Debug|iPhoneSimulator.Build.0 = Debug|Any CPU
		{B50756DE-042D-44DF-A6B0-AAD44ACA2827}.Release|Any CPU.ActiveCfg = Release|Any CPU
		{B50756DE-042D-44DF-A6B0-AAD44ACA2827}.Release|Any CPU.Build.0 = Release|Any CPU
		{B50756DE-042D-44DF-A6B0-AAD44ACA2827}.Release|iPhone.ActiveCfg = Release|Any CPU
		{B50756DE-042D-44DF-A6B0-AAD44ACA2827}.Release|iPhone.Build.0 = Release|Any CPU
		{B50756DE-042D-44DF-A6B0-AAD44ACA2827}.Release|iPhoneSimulator.ActiveCfg = Release|Any CPU
		{B50756DE-042D-44DF-A6B0-AAD44ACA2827}.Release|iPhoneSimulator.Build.0 = Release|Any CPU
		{22E674AA-3720-4842-87C1-65B4D9469A0A}.Ad-Hoc|Any CPU.ActiveCfg = Debug|Any CPU
		{22E674AA-3720-4842-87C1-65B4D9469A0A}.Ad-Hoc|Any CPU.Build.0 = Debug|Any CPU
		{22E674AA-3720-4842-87C1-65B4D9469A0A}.Ad-Hoc|iPhone.ActiveCfg = Release|Any CPU
		{22E674AA-3720-4842-87C1-65B4D9469A0A}.Ad-Hoc|iPhone.Build.0 = Release|Any CPU
		{22E674AA-3720-4842-87C1-65B4D9469A0A}.Ad-Hoc|iPhoneSimulator.ActiveCfg = Debug|Any CPU
		{22E674AA-3720-4842-87C1-65B4D9469A0A}.Ad-Hoc|iPhoneSimulator.Build.0 = Debug|Any CPU
		{22E674AA-3720-4842-87C1-65B4D9469A0A}.AppStore|Any CPU.ActiveCfg = Debug|Any CPU
		{22E674AA-3720-4842-87C1-65B4D9469A0A}.AppStore|Any CPU.Build.0 = Debug|Any CPU
		{22E674AA-3720-4842-87C1-65B4D9469A0A}.AppStore|iPhone.ActiveCfg = Release|Any CPU
		{22E674AA-3720-4842-87C1-65B4D9469A0A}.AppStore|iPhone.Build.0 = Release|Any CPU
		{22E674AA-3720-4842-87C1-65B4D9469A0A}.AppStore|iPhoneSimulator.ActiveCfg = Debug|Any CPU
		{22E674AA-3720-4842-87C1-65B4D9469A0A}.AppStore|iPhoneSimulator.Build.0 = Debug|Any CPU
		{22E674AA-3720-4842-87C1-65B4D9469A0A}.Debug|Any CPU.ActiveCfg = Debug|Any CPU
		{22E674AA-3720-4842-87C1-65B4D9469A0A}.Debug|Any CPU.Build.0 = Debug|Any CPU
		{22E674AA-3720-4842-87C1-65B4D9469A0A}.Debug|iPhone.ActiveCfg = Debug|Any CPU
		{22E674AA-3720-4842-87C1-65B4D9469A0A}.Debug|iPhone.Build.0 = Debug|Any CPU
		{22E674AA-3720-4842-87C1-65B4D9469A0A}.Debug|iPhoneSimulator.ActiveCfg = Debug|Any CPU
		{22E674AA-3720-4842-87C1-65B4D9469A0A}.Debug|iPhoneSimulator.Build.0 = Debug|Any CPU
		{22E674AA-3720-4842-87C1-65B4D9469A0A}.Release|Any CPU.ActiveCfg = Release|Any CPU
		{22E674AA-3720-4842-87C1-65B4D9469A0A}.Release|Any CPU.Build.0 = Release|Any CPU
		{22E674AA-3720-4842-87C1-65B4D9469A0A}.Release|iPhone.ActiveCfg = Release|Any CPU
		{22E674AA-3720-4842-87C1-65B4D9469A0A}.Release|iPhone.Build.0 = Release|Any CPU
		{22E674AA-3720-4842-87C1-65B4D9469A0A}.Release|iPhoneSimulator.ActiveCfg = Release|Any CPU
		{22E674AA-3720-4842-87C1-65B4D9469A0A}.Release|iPhoneSimulator.Build.0 = Release|Any CPU
		{E0EBDA28-934E-404E-9610-B3A6A776D0B8}.Ad-Hoc|Any CPU.ActiveCfg = Debug|Any CPU
		{E0EBDA28-934E-404E-9610-B3A6A776D0B8}.Ad-Hoc|Any CPU.Build.0 = Debug|Any CPU
		{E0EBDA28-934E-404E-9610-B3A6A776D0B8}.Ad-Hoc|Any CPU.Deploy.0 = Debug|Any CPU
		{E0EBDA28-934E-404E-9610-B3A6A776D0B8}.Ad-Hoc|iPhone.ActiveCfg = Release|Any CPU
		{E0EBDA28-934E-404E-9610-B3A6A776D0B8}.Ad-Hoc|iPhone.Build.0 = Release|Any CPU
		{E0EBDA28-934E-404E-9610-B3A6A776D0B8}.Ad-Hoc|iPhoneSimulator.ActiveCfg = Debug|Any CPU
		{E0EBDA28-934E-404E-9610-B3A6A776D0B8}.Ad-Hoc|iPhoneSimulator.Build.0 = Debug|Any CPU
		{E0EBDA28-934E-404E-9610-B3A6A776D0B8}.Ad-Hoc|iPhoneSimulator.Deploy.0 = Debug|Any CPU
		{E0EBDA28-934E-404E-9610-B3A6A776D0B8}.AppStore|Any CPU.ActiveCfg = Debug|Any CPU
		{E0EBDA28-934E-404E-9610-B3A6A776D0B8}.AppStore|Any CPU.Build.0 = Debug|Any CPU
		{E0EBDA28-934E-404E-9610-B3A6A776D0B8}.AppStore|Any CPU.Deploy.0 = Debug|Any CPU
		{E0EBDA28-934E-404E-9610-B3A6A776D0B8}.AppStore|iPhone.ActiveCfg = Release|Any CPU
		{E0EBDA28-934E-404E-9610-B3A6A776D0B8}.AppStore|iPhone.Build.0 = Release|Any CPU
		{E0EBDA28-934E-404E-9610-B3A6A776D0B8}.AppStore|iPhoneSimulator.ActiveCfg = Debug|Any CPU
		{E0EBDA28-934E-404E-9610-B3A6A776D0B8}.AppStore|iPhoneSimulator.Build.0 = Debug|Any CPU
		{E0EBDA28-934E-404E-9610-B3A6A776D0B8}.AppStore|iPhoneSimulator.Deploy.0 = Debug|Any CPU
		{E0EBDA28-934E-404E-9610-B3A6A776D0B8}.Debug|Any CPU.ActiveCfg = Debug|Any CPU
		{E0EBDA28-934E-404E-9610-B3A6A776D0B8}.Debug|Any CPU.Build.0 = Debug|Any CPU
		{E0EBDA28-934E-404E-9610-B3A6A776D0B8}.Debug|Any CPU.Deploy.0 = Debug|Any CPU
		{E0EBDA28-934E-404E-9610-B3A6A776D0B8}.Debug|iPhone.ActiveCfg = Debug|Any CPU
		{E0EBDA28-934E-404E-9610-B3A6A776D0B8}.Debug|iPhone.Build.0 = Debug|Any CPU
		{E0EBDA28-934E-404E-9610-B3A6A776D0B8}.Debug|iPhoneSimulator.ActiveCfg = Debug|Any CPU
		{E0EBDA28-934E-404E-9610-B3A6A776D0B8}.Debug|iPhoneSimulator.Build.0 = Debug|Any CPU
		{E0EBDA28-934E-404E-9610-B3A6A776D0B8}.Release|Any CPU.ActiveCfg = Release|Any CPU
		{E0EBDA28-934E-404E-9610-B3A6A776D0B8}.Release|Any CPU.Build.0 = Release|Any CPU
		{E0EBDA28-934E-404E-9610-B3A6A776D0B8}.Release|iPhone.ActiveCfg = Release|Any CPU
		{E0EBDA28-934E-404E-9610-B3A6A776D0B8}.Release|iPhone.Build.0 = Release|Any CPU
		{E0EBDA28-934E-404E-9610-B3A6A776D0B8}.Release|iPhoneSimulator.ActiveCfg = Release|Any CPU
		{E0EBDA28-934E-404E-9610-B3A6A776D0B8}.Release|iPhoneSimulator.Build.0 = Release|Any CPU
		{8C9D1EF5-86E5-4F61-98DC-D305541B092B}.Ad-Hoc|Any CPU.ActiveCfg = Ad-Hoc|iPhoneSimulator
		{8C9D1EF5-86E5-4F61-98DC-D305541B092B}.Ad-Hoc|iPhone.ActiveCfg = Ad-Hoc|iPhone
		{8C9D1EF5-86E5-4F61-98DC-D305541B092B}.Ad-Hoc|iPhone.Build.0 = Ad-Hoc|iPhone
		{8C9D1EF5-86E5-4F61-98DC-D305541B092B}.Ad-Hoc|iPhoneSimulator.ActiveCfg = Ad-Hoc|iPhoneSimulator
		{8C9D1EF5-86E5-4F61-98DC-D305541B092B}.Ad-Hoc|iPhoneSimulator.Build.0 = Ad-Hoc|iPhoneSimulator
		{8C9D1EF5-86E5-4F61-98DC-D305541B092B}.AppStore|Any CPU.ActiveCfg = AppStore|iPhoneSimulator
		{8C9D1EF5-86E5-4F61-98DC-D305541B092B}.AppStore|iPhone.ActiveCfg = AppStore|iPhone
		{8C9D1EF5-86E5-4F61-98DC-D305541B092B}.AppStore|iPhone.Build.0 = AppStore|iPhone
		{8C9D1EF5-86E5-4F61-98DC-D305541B092B}.AppStore|iPhoneSimulator.ActiveCfg = AppStore|iPhoneSimulator
		{8C9D1EF5-86E5-4F61-98DC-D305541B092B}.AppStore|iPhoneSimulator.Build.0 = AppStore|iPhoneSimulator
		{8C9D1EF5-86E5-4F61-98DC-D305541B092B}.Debug|Any CPU.ActiveCfg = Debug|iPhoneSimulator
		{8C9D1EF5-86E5-4F61-98DC-D305541B092B}.Debug|Any CPU.Build.0 = Debug|iPhoneSimulator
		{8C9D1EF5-86E5-4F61-98DC-D305541B092B}.Debug|iPhone.ActiveCfg = Debug|iPhone
		{8C9D1EF5-86E5-4F61-98DC-D305541B092B}.Debug|iPhone.Build.0 = Debug|iPhone
		{8C9D1EF5-86E5-4F61-98DC-D305541B092B}.Debug|iPhoneSimulator.ActiveCfg = Debug|iPhoneSimulator
		{8C9D1EF5-86E5-4F61-98DC-D305541B092B}.Debug|iPhoneSimulator.Build.0 = Debug|iPhoneSimulator
		{8C9D1EF5-86E5-4F61-98DC-D305541B092B}.Release|Any CPU.ActiveCfg = Release|iPhoneSimulator
		{8C9D1EF5-86E5-4F61-98DC-D305541B092B}.Release|Any CPU.Build.0 = Release|iPhoneSimulator
		{8C9D1EF5-86E5-4F61-98DC-D305541B092B}.Release|iPhone.ActiveCfg = Release|iPhone
		{8C9D1EF5-86E5-4F61-98DC-D305541B092B}.Release|iPhone.Build.0 = Release|iPhone
		{8C9D1EF5-86E5-4F61-98DC-D305541B092B}.Release|iPhoneSimulator.ActiveCfg = Release|iPhoneSimulator
		{8C9D1EF5-86E5-4F61-98DC-D305541B092B}.Release|iPhoneSimulator.Build.0 = Release|iPhoneSimulator
	EndGlobalSection
	GlobalSection(SolutionProperties) = preSolution
		HideSolutionNode = FALSE
	EndGlobalSection
	GlobalSection(NestedProjects) = preSolution
		{488D7F08-8E12-42C8-9D37-F40F9F6B7381} = {44CAF22A-1FFD-4F9E-A9BA-DFAC8C55D8C6}
		{6CC28CE8-5B17-4E34-B703-0DE2BA13546C} = {44CAF22A-1FFD-4F9E-A9BA-DFAC8C55D8C6}
		{3ED0829C-FC0C-4961-ADE1-0BD0AC7B90B7} = {488D7F08-8E12-42C8-9D37-F40F9F6B7381}
		{B5BC3953-B357-4D97-97F8-FA46B1016B96} = {488D7F08-8E12-42C8-9D37-F40F9F6B7381}
		{F0C94312-EDE3-4C58-8EC2-45CA35C27EB9} = {6CC28CE8-5B17-4E34-B703-0DE2BA13546C}
		{6CCB1AB9-714D-4524-A865-2DD30952F3BA} = {488D7F08-8E12-42C8-9D37-F40F9F6B7381}
		{3B180222-C281-4A95-B80B-3C5D9B0CC33B} = {488D7F08-8E12-42C8-9D37-F40F9F6B7381}
		{E35D9BE4-2376-4371-BB61-CBBC43123D6C} = {44CAF22A-1FFD-4F9E-A9BA-DFAC8C55D8C6}
		{03AE9E0E-BDCF-4A8A-9E7F-F371AD7F6918} = {E35D9BE4-2376-4371-BB61-CBBC43123D6C}
		{488FF47B-59E1-4A63-B6BE-5E05CC2A635E} = {E35D9BE4-2376-4371-BB61-CBBC43123D6C}
		{8E6C51CE-3D97-4CD6-B6F3-280F9CE503AE} = {488D7F08-8E12-42C8-9D37-F40F9F6B7381}
		{53F815CD-0824-42D7-9584-E9FE53046CE0} = {488D7F08-8E12-42C8-9D37-F40F9F6B7381}
		{B50756DE-042D-44DF-A6B0-AAD44ACA2827} = {E35D9BE4-2376-4371-BB61-CBBC43123D6C}
	EndGlobalSection
	GlobalSection(ExtensibilityGlobals) = postSolution
		SolutionGuid = {184B2C6C-8F8F-4897-895E-CC8B8C73BD89}
	EndGlobalSection
EndGlobal
